
Microsoft Visual Studio Solution File, Format Version 12.00
# Visual Studio Version 16
VisualStudioVersion = 16.0.30114.105
MinimumVisualStudioVersion = 10.0.40219.1
Project("{FAE04EC0-301F-11D3-BF4B-00C04F79EFBC}") = "API", "API\API.csproj", "{BA773F0B-C03F-416D-9EA9-3EE4F760BBFA}"
EndProject
Project("{FAE04EC0-301F-11D3-BF4B-00C04F79EFBC}") = "Application", "Application\Application.csproj", "{68D48FC8-2F16-448E-9DEF-AA8DDC215DB0}"
EndProject
Project("{FAE04EC0-301F-11D3-BF4B-00C04F79EFBC}") = "Persistence", "Persistence\Persistence.csproj", "{E894D4E8-1937-448A-A21B-7E2F3A7A3444}"
EndProject
Project("{FAE04EC0-301F-11D3-BF4B-00C04F79EFBC}") = "Domain", "Domain\Domain.csproj", "{193414A3-D21B-4EA9-8798-95BD150274CA}"
EndProject
Global
	GlobalSection(SolutionConfigurationPlatforms) = preSolution
		Debug|Any CPU = Debug|Any CPU
		Debug|x64 = Debug|x64
		Debug|x86 = Debug|x86
		Release|Any CPU = Release|Any CPU
		Release|x64 = Release|x64
		Release|x86 = Release|x86
	EndGlobalSection
	GlobalSection(SolutionProperties) = preSolution
		HideSolutionNode = FALSE
	EndGlobalSection
	GlobalSection(ProjectConfigurationPlatforms) = postSolution
		{BA773F0B-C03F-416D-9EA9-3EE4F760BBFA}.Debug|Any CPU.ActiveCfg = Debug|Any CPU
		{BA773F0B-C03F-416D-9EA9-3EE4F760BBFA}.Debug|Any CPU.Build.0 = Debug|Any CPU
		{BA773F0B-C03F-416D-9EA9-3EE4F760BBFA}.Debug|x64.ActiveCfg = Debug|Any CPU
		{BA773F0B-C03F-416D-9EA9-3EE4F760BBFA}.Debug|x64.Build.0 = Debug|Any CPU
		{BA773F0B-C03F-416D-9EA9-3EE4F760BBFA}.Debug|x86.ActiveCfg = Debug|Any CPU
		{BA773F0B-C03F-416D-9EA9-3EE4F760BBFA}.Debug|x86.Build.0 = Debug|Any CPU
		{BA773F0B-C03F-416D-9EA9-3EE4F760BBFA}.Release|Any CPU.ActiveCfg = Release|Any CPU
		{BA773F0B-C03F-416D-9EA9-3EE4F760BBFA}.Release|Any CPU.Build.0 = Release|Any CPU
		{BA773F0B-C03F-416D-9EA9-3EE4F760BBFA}.Release|x64.ActiveCfg = Release|Any CPU
		{BA773F0B-C03F-416D-9EA9-3EE4F760BBFA}.Release|x64.Build.0 = Release|Any CPU
		{BA773F0B-C03F-416D-9EA9-3EE4F760BBFA}.Release|x86.ActiveCfg = Release|Any CPU
		{BA773F0B-C03F-416D-9EA9-3EE4F760BBFA}.Release|x86.Build.0 = Release|Any CPU
		{68D48FC8-2F16-448E-9DEF-AA8DDC215DB0}.Debug|Any CPU.ActiveCfg = Debug|Any CPU
		{68D48FC8-2F16-448E-9DEF-AA8DDC215DB0}.Debug|Any CPU.Build.0 = Debug|Any CPU
		{68D48FC8-2F16-448E-9DEF-AA8DDC215DB0}.Debug|x64.ActiveCfg = Debug|Any CPU
		{68D48FC8-2F16-448E-9DEF-AA8DDC215DB0}.Debug|x64.Build.0 = Debug|Any CPU
		{68D48FC8-2F16-448E-9DEF-AA8DDC215DB0}.Debug|x86.ActiveCfg = Debug|Any CPU
		{68D48FC8-2F16-448E-9DEF-AA8DDC215DB0}.Debug|x86.Build.0 = Debug|Any CPU
		{68D48FC8-2F16-448E-9DEF-AA8DDC215DB0}.Release|Any CPU.ActiveCfg = Release|Any CPU
		{68D48FC8-2F16-448E-9DEF-AA8DDC215DB0}.Release|Any CPU.Build.0 = Release|Any CPU
		{68D48FC8-2F16-448E-9DEF-AA8DDC215DB0}.Release|x64.ActiveCfg = Release|Any CPU
		{68D48FC8-2F16-448E-9DEF-AA8DDC215DB0}.Release|x64.Build.0 = Release|Any CPU
		{68D48FC8-2F16-448E-9DEF-AA8DDC215DB0}.Release|x86.ActiveCfg = Release|Any CPU
		{68D48FC8-2F16-448E-9DEF-AA8DDC215DB0}.Release|x86.Build.0 = Release|Any CPU
		{E894D4E8-1937-448A-A21B-7E2F3A7A3444}.Debug|Any CPU.ActiveCfg = Debug|Any CPU
		{E894D4E8-1937-448A-A21B-7E2F3A7A3444}.Debug|Any CPU.Build.0 = Debug|Any CPU
		{E894D4E8-1937-448A-A21B-7E2F3A7A3444}.Debug|x64.ActiveCfg = Debug|Any CPU
		{E894D4E8-1937-448A-A21B-7E2F3A7A3444}.Debug|x64.Build.0 = Debug|Any CPU
		{E894D4E8-1937-448A-A21B-7E2F3A7A3444}.Debug|x86.ActiveCfg = Debug|Any CPU
		{E894D4E8-1937-448A-A21B-7E2F3A7A3444}.Debug|x86.Build.0 = Debug|Any CPU
		{E894D4E8-1937-448A-A21B-7E2F3A7A3444}.Release|Any CPU.ActiveCfg = Release|Any CPU
		{E894D4E8-1937-448A-A21B-7E2F3A7A3444}.Release|Any CPU.Build.0 = Release|Any CPU
		{E894D4E8-1937-448A-A21B-7E2F3A7A3444}.Release|x64.ActiveCfg = Release|Any CPU
		{E894D4E8-1937-448A-A21B-7E2F3A7A3444}.Release|x64.Build.0 = Release|Any CPU
		{E894D4E8-1937-448A-A21B-7E2F3A7A3444}.Release|x86.ActiveCfg = Release|Any CPU
		{E894D4E8-1937-448A-A21B-7E2F3A7A3444}.Release|x86.Build.0 = Release|Any CPU
		{193414A3-D21B-4EA9-8798-95BD150274CA}.Debug|Any CPU.ActiveCfg = Debug|Any CPU
		{193414A3-D21B-4EA9-8798-95BD150274CA}.Debug|Any CPU.Build.0 = Debug|Any CPU
		{193414A3-D21B-4EA9-8798-95BD150274CA}.Debug|x64.ActiveCfg = Debug|Any CPU
		{193414A3-D21B-4EA9-8798-95BD150274CA}.Debug|x64.Build.0 = Debug|Any CPU
		{193414A3-D21B-4EA9-8798-95BD150274CA}.Debug|x86.ActiveCfg = Debug|Any CPU
		{193414A3-D21B-4EA9-8798-95BD150274CA}.Debug|x86.Build.0 = Debug|Any CPU
		{193414A3-D21B-4EA9-8798-95BD150274CA}.Release|Any CPU.ActiveCfg = Release|Any CPU
		{193414A3-D21B-4EA9-8798-95BD150274CA}.Release|Any CPU.Build.0 = Release|Any CPU
		{193414A3-D21B-4EA9-8798-95BD150274CA}.Release|x64.ActiveCfg = Release|Any CPU
		{193414A3-D21B-4EA9-8798-95BD150274CA}.Release|x64.Build.0 = Release|Any CPU
		{193414A3-D21B-4EA9-8798-95BD150274CA}.Release|x86.ActiveCfg = Release|Any CPU
		{193414A3-D21B-4EA9-8798-95BD150274CA}.Release|x86.Build.0 = Release|Any CPU
	EndGlobalSection
EndGlobal
